
Microsoft Visual Studio Solution File, Format Version 12.00
Project("{FAE04EC0-301F-11D3-BF4B-00C04F79EFBC}") = "ReleaseConsole", "ReleaseConsole\ReleaseConsole.csproj", "{6089B658-F961-4117-B7DA-5F125D6462CD}"
EndProject
Project("{FAE04EC0-301F-11D3-BF4B-00C04F79EFBC}") = "ReleaseConsole.Tests", "ReleaseConsole.Tests\ReleaseConsole.Tests.csproj", "{0BC33ACF-8047-4ECA-9BEC-FDF3E4244E07}"
EndProject
Global
	GlobalSection(SolutionConfigurationPlatforms) = preSolution
		Debug|Any CPU = Debug|Any CPU
		Debug|x64 = Debug|x64
		Debug|x86 = Debug|x86
		Release|Any CPU = Release|Any CPU
		Release|x64 = Release|x64
		Release|x86 = Release|x86
	EndGlobalSection
	GlobalSection(ProjectConfigurationPlatforms) = postSolution
		{6089B658-F961-4117-B7DA-5F125D6462CD}.Debug|Any CPU.ActiveCfg = Debug|Any CPU
		{6089B658-F961-4117-B7DA-5F125D6462CD}.Debug|Any CPU.Build.0 = Debug|Any CPU
		{6089B658-F961-4117-B7DA-5F125D6462CD}.Debug|x64.ActiveCfg = Debug|Any CPU
		{6089B658-F961-4117-B7DA-5F125D6462CD}.Debug|x64.Build.0 = Debug|Any CPU
		{6089B658-F961-4117-B7DA-5F125D6462CD}.Debug|x86.ActiveCfg = Debug|Any CPU
		{6089B658-F961-4117-B7DA-5F125D6462CD}.Debug|x86.Build.0 = Debug|Any CPU
		{6089B658-F961-4117-B7DA-5F125D6462CD}.Release|Any CPU.ActiveCfg = Release|Any CPU
		{6089B658-F961-4117-B7DA-5F125D6462CD}.Release|Any CPU.Build.0 = Release|Any CPU
		{6089B658-F961-4117-B7DA-5F125D6462CD}.Release|x64.ActiveCfg = Release|Any CPU
		{6089B658-F961-4117-B7DA-5F125D6462CD}.Release|x64.Build.0 = Release|Any CPU
		{6089B658-F961-4117-B7DA-5F125D6462CD}.Release|x86.ActiveCfg = Release|Any CPU
		{6089B658-F961-4117-B7DA-5F125D6462CD}.Release|x86.Build.0 = Release|Any CPU
		{0BC33ACF-8047-4ECA-9BEC-FDF3E4244E07}.Debug|Any CPU.ActiveCfg = Debug|Any CPU
		{0BC33ACF-8047-4ECA-9BEC-FDF3E4244E07}.Debug|Any CPU.Build.0 = Debug|Any CPU
		{0BC33ACF-8047-4ECA-9BEC-FDF3E4244E07}.Debug|x64.ActiveCfg = Debug|Any CPU
		{0BC33ACF-8047-4ECA-9BEC-FDF3E4244E07}.Debug|x64.Build.0 = Debug|Any CPU
		{0BC33ACF-8047-4ECA-9BEC-FDF3E4244E07}.Debug|x86.ActiveCfg = Debug|Any CPU
		{0BC33ACF-8047-4ECA-9BEC-FDF3E4244E07}.Debug|x86.Build.0 = Debug|Any CPU
		{0BC33ACF-8047-4ECA-9BEC-FDF3E4244E07}.Release|Any CPU.ActiveCfg = Release|Any CPU
		{0BC33ACF-8047-4ECA-9BEC-FDF3E4244E07}.Release|Any CPU.Build.0 = Release|Any CPU
		{0BC33ACF-8047-4ECA-9BEC-FDF3E4244E07}.Release|x64.ActiveCfg = Release|Any CPU
		{0BC33ACF-8047-4ECA-9BEC-FDF3E4244E07}.Release|x64.Build.0 = Release|Any CPU
		{0BC33ACF-8047-4ECA-9BEC-FDF3E4244E07}.Release|x86.ActiveCfg = Release|Any CPU
		{0BC33ACF-8047-4ECA-9BEC-FDF3E4244E07}.Release|x86.Build.0 = Release|Any CPU
	EndGlobalSection
	GlobalSection(SolutionProperties) = preSolution
		HideSolutionNode = FALSE
	EndGlobalSection
EndGlobal
